
Microsoft Visual Studio Solution File, Format Version 12.00
# Visual Studio Version 17
VisualStudioVersion = 17.6.33829.357
MinimumVisualStudioVersion = 10.0.40219.1
Project("{2150E333-8FDC-42A3-9474-1A3956D46DE8}") = "A-Creational", "A-Creational", "{AFC273B3-C36B-4A61-8192-940C053AC5D7}"
EndProject
Project("{2150E333-8FDC-42A3-9474-1A3956D46DE8}") = "B-Structural", "B-Structural", "{FC284F77-8BBD-4E14-975B-26E15462BBF5}"
EndProject
Project("{2150E333-8FDC-42A3-9474-1A3956D46DE8}") = "C-Behavioral", "C-Behavioral", "{73A33B43-6A15-4CC8-B401-0FA55C37B02A}"
EndProject
Project("{2150E333-8FDC-42A3-9474-1A3956D46DE8}") = "01-Singleton", "01-Singleton", "{6A7A0C12-585C-4C95-8C47-DEB720825F10}"
EndProject
Project("{2150E333-8FDC-42A3-9474-1A3956D46DE8}") = "02-Factory Method", "02-Factory Method", "{126C7BBD-DE78-48B6-B1B9-93106449CED1}"
EndProject
Project("{2150E333-8FDC-42A3-9474-1A3956D46DE8}") = "03-Abstract Factory", "03-Abstract Factory", "{E121A6E6-71AB-407B-A6DA-9C56D6ACA14A}"
EndProject
Project("{2150E333-8FDC-42A3-9474-1A3956D46DE8}") = "04-Builder", "04-Builder", "{960945A8-01A7-4FB1-B117-EC2533B46C2E}"
EndProject
Project("{2150E333-8FDC-42A3-9474-1A3956D46DE8}") = "05-Prototype", "05-Prototype", "{F6675145-E70D-4DB2-B362-0B56E3865D73}"
EndProject
Project("{9A19103F-16F7-4668-BE54-9A1E7A4F7556}") = "Singleton", "Singleton\Singleton.csproj", "{2BA802FC-6C1B-4CAE-B81D-A8B3C9F726A4}"
EndProject
Project("{9A19103F-16F7-4668-BE54-9A1E7A4F7556}") = "FactoryMethod", "FactoryMethod\FactoryMethod.csproj", "{7EDF3EE3-66FF-428B-9ECC-62B05908E509}"
EndProject
Project("{9A19103F-16F7-4668-BE54-9A1E7A4F7556}") = "AbstractFactory", "AbstractFactory\AbstractFactory.csproj", "{DCE7EEF3-420C-4971-B725-34F8CDE936DB}"
EndProject
Project("{9A19103F-16F7-4668-BE54-9A1E7A4F7556}") = "Builder", "Builder\Builder.csproj", "{23C6768E-6BBE-4F24-A4D6-FFEAA4F9FED5}"
EndProject
Project("{9A19103F-16F7-4668-BE54-9A1E7A4F7556}") = "Prototype", "Prototype\Prototype.csproj", "{576DE6C0-602D-4DF4-BC94-F584452FB515}"
EndProject
Project("{9A19103F-16F7-4668-BE54-9A1E7A4F7556}") = "Adapter", "Adapter\Adapter.csproj", "{53A22253-CAD2-4537-88DC-46D20A335DBB}"
EndProject
Project("{2150E333-8FDC-42A3-9474-1A3956D46DE8}") = "01-Adapter", "01-Adapter", "{BA2C7BF4-2E8D-48F4-9ED8-078DCE71D118}"
EndProject
Project("{9A19103F-16F7-4668-BE54-9A1E7A4F7556}") = "Bridge", "02-Bridge\Bridge.csproj", "{31F57752-2D9B-494D-9DB3-C008B32168D5}"
EndProject
Project("{9A19103F-16F7-4668-BE54-9A1E7A4F7556}") = "Decorator", "03-Decorator\Decorator.csproj", "{211E653F-D3C6-4B01-9DDC-268E83163DF3}"
EndProject
Project("{9A19103F-16F7-4668-BE54-9A1E7A4F7556}") = "Composite", "04-Composite\Composite.csproj", "{62ADC121-6BF6-46E5-846A-055F2638595F}"
EndProject
Project("{2150E333-8FDC-42A3-9474-1A3956D46DE8}") = "05-Facade", "05-Facade", "{B9ACDBED-B34D-4B70-8035-B6DFDF860DD0}"
EndProject
Project("{9A19103F-16F7-4668-BE54-9A1E7A4F7556}") = "Facade", "Facade\Facade.csproj", "{4E8288B5-C50E-4EAE-80BF-A71E3F0C50C4}"
EndProject
Project("{2150E333-8FDC-42A3-9474-1A3956D46DE8}") = "02-Bridge", "02-Bridge", "{785EAC93-18C5-45A7-B22E-31E5D812C23F}"
EndProject
Project("{2150E333-8FDC-42A3-9474-1A3956D46DE8}") = "03-Decorator", "03-Decorator", "{32BE8ACA-DE26-4626-BF38-3FADEA04880D}"
EndProject
Project("{2150E333-8FDC-42A3-9474-1A3956D46DE8}") = "04-Composite", "04-Composite", "{6DB51833-7942-456E-8C34-7AF816C86311}"
EndProject
Project("{2150E333-8FDC-42A3-9474-1A3956D46DE8}") = "06-Proxy", "06-Proxy", "{FD02F8AA-F400-48B7-969B-BDF6AB7A4970}"
EndProject
Project("{9A19103F-16F7-4668-BE54-9A1E7A4F7556}") = "Proxy", "Proxy\Proxy.csproj", "{88021B43-DFC8-4892-9327-94E676BE651A}"
EndProject
Project("{2150E333-8FDC-42A3-9474-1A3956D46DE8}") = "07-Flyweight", "07-Flyweight", "{628C00AB-D42E-4C3B-987C-8A690B5DB461}"
EndProject
Project("{9A19103F-16F7-4668-BE54-9A1E7A4F7556}") = "Flyweight", "Flyweight\Flyweight.csproj", "{F23783EB-9CE6-4CEA-9115-38FD4B7C81D3}"
EndProject
Project("{2150E333-8FDC-42A3-9474-1A3956D46DE8}") = "01-Template Method", "01-Template Method", "{92D92BF8-0436-4721-8F84-E10D0A3307BB}"
EndProject
Project("{9A19103F-16F7-4668-BE54-9A1E7A4F7556}") = "Template Method", "Template Method\Template Method.csproj", "{4D636C5C-137F-4DC5-8B31-774BC3FF0D84}"
EndProject
Project("{2150E333-8FDC-42A3-9474-1A3956D46DE8}") = "02-Strategy", "02-Strategy", "{03CAAB03-CE0A-4D41-B1C9-5FEDFEF5F7FF}"
EndProject
Project("{9A19103F-16F7-4668-BE54-9A1E7A4F7556}") = "Strategy", "Strategy\Strategy.csproj", "{D683E27C-45BA-45F6-941C-5EC6A613060A}"
EndProject
Project("{2150E333-8FDC-42A3-9474-1A3956D46DE8}") = "03-Command", "03-Command", "{585CA065-13CE-45AC-8F20-64A158FAEA0F}"
EndProject
Project("{9A19103F-16F7-4668-BE54-9A1E7A4F7556}") = "Command", "Command\Command.csproj", "{A6B7DFF7-21BE-4D1D-928A-B09D2358BFD4}"
EndProject
Project("{2150E333-8FDC-42A3-9474-1A3956D46DE8}") = "04-Memento", "04-Memento", "{477300F7-BD34-4D17-8091-D1C4CECC8299}"
EndProject
Project("{FAE04EC0-301F-11D3-BF4B-00C04F79EFBC}") = "Memento", "Memento\Memento.csproj", "{884B3AEC-BF75-44B6-90A0-F82C51F7BA52}"
EndProject
Global
	GlobalSection(SolutionConfigurationPlatforms) = preSolution
		Debug|Any CPU = Debug|Any CPU
		Release|Any CPU = Release|Any CPU
	EndGlobalSection
	GlobalSection(ProjectConfigurationPlatforms) = postSolution
		{2BA802FC-6C1B-4CAE-B81D-A8B3C9F726A4}.Debug|Any CPU.ActiveCfg = Debug|Any CPU
		{2BA802FC-6C1B-4CAE-B81D-A8B3C9F726A4}.Debug|Any CPU.Build.0 = Debug|Any CPU
		{2BA802FC-6C1B-4CAE-B81D-A8B3C9F726A4}.Release|Any CPU.ActiveCfg = Release|Any CPU
		{2BA802FC-6C1B-4CAE-B81D-A8B3C9F726A4}.Release|Any CPU.Build.0 = Release|Any CPU
		{7EDF3EE3-66FF-428B-9ECC-62B05908E509}.Debug|Any CPU.ActiveCfg = Debug|Any CPU
		{7EDF3EE3-66FF-428B-9ECC-62B05908E509}.Debug|Any CPU.Build.0 = Debug|Any CPU
		{7EDF3EE3-66FF-428B-9ECC-62B05908E509}.Release|Any CPU.ActiveCfg = Release|Any CPU
		{7EDF3EE3-66FF-428B-9ECC-62B05908E509}.Release|Any CPU.Build.0 = Release|Any CPU
		{DCE7EEF3-420C-4971-B725-34F8CDE936DB}.Debug|Any CPU.ActiveCfg = Debug|Any CPU
		{DCE7EEF3-420C-4971-B725-34F8CDE936DB}.Debug|Any CPU.Build.0 = Debug|Any CPU
		{DCE7EEF3-420C-4971-B725-34F8CDE936DB}.Release|Any CPU.ActiveCfg = Release|Any CPU
		{DCE7EEF3-420C-4971-B725-34F8CDE936DB}.Release|Any CPU.Build.0 = Release|Any CPU
		{23C6768E-6BBE-4F24-A4D6-FFEAA4F9FED5}.Debug|Any CPU.ActiveCfg = Debug|Any CPU
		{23C6768E-6BBE-4F24-A4D6-FFEAA4F9FED5}.Debug|Any CPU.Build.0 = Debug|Any CPU
		{23C6768E-6BBE-4F24-A4D6-FFEAA4F9FED5}.Release|Any CPU.ActiveCfg = Release|Any CPU
		{23C6768E-6BBE-4F24-A4D6-FFEAA4F9FED5}.Release|Any CPU.Build.0 = Release|Any CPU
		{576DE6C0-602D-4DF4-BC94-F584452FB515}.Debug|Any CPU.ActiveCfg = Debug|Any CPU
		{576DE6C0-602D-4DF4-BC94-F584452FB515}.Debug|Any CPU.Build.0 = Debug|Any CPU
		{576DE6C0-602D-4DF4-BC94-F584452FB515}.Release|Any CPU.ActiveCfg = Release|Any CPU
		{576DE6C0-602D-4DF4-BC94-F584452FB515}.Release|Any CPU.Build.0 = Release|Any CPU
		{53A22253-CAD2-4537-88DC-46D20A335DBB}.Debug|Any CPU.ActiveCfg = Debug|Any CPU
		{53A22253-CAD2-4537-88DC-46D20A335DBB}.Debug|Any CPU.Build.0 = Debug|Any CPU
		{53A22253-CAD2-4537-88DC-46D20A335DBB}.Release|Any CPU.ActiveCfg = Release|Any CPU
		{53A22253-CAD2-4537-88DC-46D20A335DBB}.Release|Any CPU.Build.0 = Release|Any CPU
		{31F57752-2D9B-494D-9DB3-C008B32168D5}.Debug|Any CPU.ActiveCfg = Debug|Any CPU
		{31F57752-2D9B-494D-9DB3-C008B32168D5}.Debug|Any CPU.Build.0 = Debug|Any CPU
		{31F57752-2D9B-494D-9DB3-C008B32168D5}.Release|Any CPU.ActiveCfg = Release|Any CPU
		{31F57752-2D9B-494D-9DB3-C008B32168D5}.Release|Any CPU.Build.0 = Release|Any CPU
		{211E653F-D3C6-4B01-9DDC-268E83163DF3}.Debug|Any CPU.ActiveCfg = Debug|Any CPU
		{211E653F-D3C6-4B01-9DDC-268E83163DF3}.Debug|Any CPU.Build.0 = Debug|Any CPU
		{211E653F-D3C6-4B01-9DDC-268E83163DF3}.Release|Any CPU.ActiveCfg = Release|Any CPU
		{211E653F-D3C6-4B01-9DDC-268E83163DF3}.Release|Any CPU.Build.0 = Release|Any CPU
		{62ADC121-6BF6-46E5-846A-055F2638595F}.Debug|Any CPU.ActiveCfg = Debug|Any CPU
		{62ADC121-6BF6-46E5-846A-055F2638595F}.Debug|Any CPU.Build.0 = Debug|Any CPU
		{62ADC121-6BF6-46E5-846A-055F2638595F}.Release|Any CPU.ActiveCfg = Release|Any CPU
		{62ADC121-6BF6-46E5-846A-055F2638595F}.Release|Any CPU.Build.0 = Release|Any CPU
		{4E8288B5-C50E-4EAE-80BF-A71E3F0C50C4}.Debug|Any CPU.ActiveCfg = Debug|Any CPU
		{4E8288B5-C50E-4EAE-80BF-A71E3F0C50C4}.Debug|Any CPU.Build.0 = Debug|Any CPU
		{4E8288B5-C50E-4EAE-80BF-A71E3F0C50C4}.Release|Any CPU.ActiveCfg = Release|Any CPU
		{4E8288B5-C50E-4EAE-80BF-A71E3F0C50C4}.Release|Any CPU.Build.0 = Release|Any CPU
		{88021B43-DFC8-4892-9327-94E676BE651A}.Debug|Any CPU.ActiveCfg = Debug|Any CPU
		{88021B43-DFC8-4892-9327-94E676BE651A}.Debug|Any CPU.Build.0 = Debug|Any CPU
		{88021B43-DFC8-4892-9327-94E676BE651A}.Release|Any CPU.ActiveCfg = Release|Any CPU
		{88021B43-DFC8-4892-9327-94E676BE651A}.Release|Any CPU.Build.0 = Release|Any CPU
		{F23783EB-9CE6-4CEA-9115-38FD4B7C81D3}.Debug|Any CPU.ActiveCfg = Debug|Any CPU
		{F23783EB-9CE6-4CEA-9115-38FD4B7C81D3}.Debug|Any CPU.Build.0 = Debug|Any CPU
		{F23783EB-9CE6-4CEA-9115-38FD4B7C81D3}.Release|Any CPU.ActiveCfg = Release|Any CPU
		{F23783EB-9CE6-4CEA-9115-38FD4B7C81D3}.Release|Any CPU.Build.0 = Release|Any CPU
		{4D636C5C-137F-4DC5-8B31-774BC3FF0D84}.Debug|Any CPU.ActiveCfg = Debug|Any CPU
		{4D636C5C-137F-4DC5-8B31-774BC3FF0D84}.Debug|Any CPU.Build.0 = Debug|Any CPU
		{4D636C5C-137F-4DC5-8B31-774BC3FF0D84}.Release|Any CPU.ActiveCfg = Release|Any CPU
		{4D636C5C-137F-4DC5-8B31-774BC3FF0D84}.Release|Any CPU.Build.0 = Release|Any CPU
		{D683E27C-45BA-45F6-941C-5EC6A613060A}.Debug|Any CPU.ActiveCfg = Debug|Any CPU
		{D683E27C-45BA-45F6-941C-5EC6A613060A}.Debug|Any CPU.Build.0 = Debug|Any CPU
		{D683E27C-45BA-45F6-941C-5EC6A613060A}.Release|Any CPU.ActiveCfg = Release|Any CPU
		{D683E27C-45BA-45F6-941C-5EC6A613060A}.Release|Any CPU.Build.0 = Release|Any CPU
		{A6B7DFF7-21BE-4D1D-928A-B09D2358BFD4}.Debug|Any CPU.ActiveCfg = Debug|Any CPU
		{A6B7DFF7-21BE-4D1D-928A-B09D2358BFD4}.Debug|Any CPU.Build.0 = Debug|Any CPU
		{A6B7DFF7-21BE-4D1D-928A-B09D2358BFD4}.Release|Any CPU.ActiveCfg = Release|Any CPU
		{A6B7DFF7-21BE-4D1D-928A-B09D2358BFD4}.Release|Any CPU.Build.0 = Release|Any CPU
		{884B3AEC-BF75-44B6-90A0-F82C51F7BA52}.Debug|Any CPU.ActiveCfg = Debug|Any CPU
		{884B3AEC-BF75-44B6-90A0-F82C51F7BA52}.Debug|Any CPU.Build.0 = Debug|Any CPU
		{884B3AEC-BF75-44B6-90A0-F82C51F7BA52}.Release|Any CPU.ActiveCfg = Release|Any CPU
		{884B3AEC-BF75-44B6-90A0-F82C51F7BA52}.Release|Any CPU.Build.0 = Release|Any CPU
	EndGlobalSection
	GlobalSection(SolutionProperties) = preSolution
		HideSolutionNode = FALSE
	EndGlobalSection
	GlobalSection(NestedProjects) = preSolution
		{6A7A0C12-585C-4C95-8C47-DEB720825F10} = {AFC273B3-C36B-4A61-8192-940C053AC5D7}
		{126C7BBD-DE78-48B6-B1B9-93106449CED1} = {AFC273B3-C36B-4A61-8192-940C053AC5D7}
		{E121A6E6-71AB-407B-A6DA-9C56D6ACA14A} = {AFC273B3-C36B-4A61-8192-940C053AC5D7}
		{960945A8-01A7-4FB1-B117-EC2533B46C2E} = {AFC273B3-C36B-4A61-8192-940C053AC5D7}
		{F6675145-E70D-4DB2-B362-0B56E3865D73} = {AFC273B3-C36B-4A61-8192-940C053AC5D7}
		{2BA802FC-6C1B-4CAE-B81D-A8B3C9F726A4} = {6A7A0C12-585C-4C95-8C47-DEB720825F10}
		{7EDF3EE3-66FF-428B-9ECC-62B05908E509} = {126C7BBD-DE78-48B6-B1B9-93106449CED1}
		{DCE7EEF3-420C-4971-B725-34F8CDE936DB} = {E121A6E6-71AB-407B-A6DA-9C56D6ACA14A}
		{23C6768E-6BBE-4F24-A4D6-FFEAA4F9FED5} = {960945A8-01A7-4FB1-B117-EC2533B46C2E}
		{576DE6C0-602D-4DF4-BC94-F584452FB515} = {F6675145-E70D-4DB2-B362-0B56E3865D73}
		{53A22253-CAD2-4537-88DC-46D20A335DBB} = {BA2C7BF4-2E8D-48F4-9ED8-078DCE71D118}
		{BA2C7BF4-2E8D-48F4-9ED8-078DCE71D118} = {FC284F77-8BBD-4E14-975B-26E15462BBF5}
		{31F57752-2D9B-494D-9DB3-C008B32168D5} = {785EAC93-18C5-45A7-B22E-31E5D812C23F}
		{211E653F-D3C6-4B01-9DDC-268E83163DF3} = {32BE8ACA-DE26-4626-BF38-3FADEA04880D}
		{62ADC121-6BF6-46E5-846A-055F2638595F} = {6DB51833-7942-456E-8C34-7AF816C86311}
		{B9ACDBED-B34D-4B70-8035-B6DFDF860DD0} = {FC284F77-8BBD-4E14-975B-26E15462BBF5}
		{4E8288B5-C50E-4EAE-80BF-A71E3F0C50C4} = {B9ACDBED-B34D-4B70-8035-B6DFDF860DD0}
		{785EAC93-18C5-45A7-B22E-31E5D812C23F} = {FC284F77-8BBD-4E14-975B-26E15462BBF5}
		{32BE8ACA-DE26-4626-BF38-3FADEA04880D} = {FC284F77-8BBD-4E14-975B-26E15462BBF5}
		{6DB51833-7942-456E-8C34-7AF816C86311} = {FC284F77-8BBD-4E14-975B-26E15462BBF5}
		{FD02F8AA-F400-48B7-969B-BDF6AB7A4970} = {FC284F77-8BBD-4E14-975B-26E15462BBF5}
		{88021B43-DFC8-4892-9327-94E676BE651A} = {FD02F8AA-F400-48B7-969B-BDF6AB7A4970}
		{628C00AB-D42E-4C3B-987C-8A690B5DB461} = {FC284F77-8BBD-4E14-975B-26E15462BBF5}
		{F23783EB-9CE6-4CEA-9115-38FD4B7C81D3} = {628C00AB-D42E-4C3B-987C-8A690B5DB461}
		{92D92BF8-0436-4721-8F84-E10D0A3307BB} = {73A33B43-6A15-4CC8-B401-0FA55C37B02A}
		{4D636C5C-137F-4DC5-8B31-774BC3FF0D84} = {92D92BF8-0436-4721-8F84-E10D0A3307BB}
		{03CAAB03-CE0A-4D41-B1C9-5FEDFEF5F7FF} = {73A33B43-6A15-4CC8-B401-0FA55C37B02A}
		{D683E27C-45BA-45F6-941C-5EC6A613060A} = {03CAAB03-CE0A-4D41-B1C9-5FEDFEF5F7FF}
		{585CA065-13CE-45AC-8F20-64A158FAEA0F} = {73A33B43-6A15-4CC8-B401-0FA55C37B02A}
		{A6B7DFF7-21BE-4D1D-928A-B09D2358BFD4} = {585CA065-13CE-45AC-8F20-64A158FAEA0F}
		{477300F7-BD34-4D17-8091-D1C4CECC8299} = {73A33B43-6A15-4CC8-B401-0FA55C37B02A}
		{884B3AEC-BF75-44B6-90A0-F82C51F7BA52} = {477300F7-BD34-4D17-8091-D1C4CECC8299}
	EndGlobalSection
	GlobalSection(ExtensibilityGlobals) = postSolution
		SolutionGuid = {95C8F1A8-73EB-48DF-8B22-1047C696E6D6}
	EndGlobalSection
EndGlobal
