
Microsoft Visual Studio Solution File, Format Version 12.00
# Visual Studio Version 17
VisualStudioVersion = 17.6.33829.357
MinimumVisualStudioVersion = 10.0.40219.1
Project("{2150E333-8FDC-42A3-9474-1A3956D46DE8}") = "A-Creational", "A-Creational", "{AFC273B3-C36B-4A61-8192-940C053AC5D7}"
EndProject
Project("{2150E333-8FDC-42A3-9474-1A3956D46DE8}") = "B-Structural", "B-Structural", "{FC284F77-8BBD-4E14-975B-26E15462BBF5}"
EndProject
Project("{2150E333-8FDC-42A3-9474-1A3956D46DE8}") = "C-Behavioral", "C-Behavioral", "{73A33B43-6A15-4CC8-B401-0FA55C37B02A}"
EndProject
Project("{2150E333-8FDC-42A3-9474-1A3956D46DE8}") = "01-Singleton", "01-Singleton", "{6A7A0C12-585C-4C95-8C47-DEB720825F10}"
EndProject
Project("{2150E333-8FDC-42A3-9474-1A3956D46DE8}") = "02-Factory Method", "02-Factory Method", "{126C7BBD-DE78-48B6-B1B9-93106449CED1}"
EndProject
Project("{2150E333-8FDC-42A3-9474-1A3956D46DE8}") = "03-Abstract Factory", "03-Abstract Factory", "{E121A6E6-71AB-407B-A6DA-9C56D6ACA14A}"
EndProject
Project("{2150E333-8FDC-42A3-9474-1A3956D46DE8}") = "04-Builder", "04-Builder", "{960945A8-01A7-4FB1-B117-EC2533B46C2E}"
EndProject
Project("{2150E333-8FDC-42A3-9474-1A3956D46DE8}") = "05-Prototype", "05-Prototype", "{F6675145-E70D-4DB2-B362-0B56E3865D73}"
EndProject
Project("{FAE04EC0-301F-11D3-BF4B-00C04F79EFBC}") = "Singleton", "Singleton\Singleton.csproj", "{2BA802FC-6C1B-4CAE-B81D-A8B3C9F726A4}"
EndProject
Global
	GlobalSection(SolutionConfigurationPlatforms) = preSolution
		Debug|Any CPU = Debug|Any CPU
		Release|Any CPU = Release|Any CPU
	EndGlobalSection
	GlobalSection(ProjectConfigurationPlatforms) = postSolution
		{2BA802FC-6C1B-4CAE-B81D-A8B3C9F726A4}.Debug|Any CPU.ActiveCfg = Debug|Any CPU
		{2BA802FC-6C1B-4CAE-B81D-A8B3C9F726A4}.Debug|Any CPU.Build.0 = Debug|Any CPU
		{2BA802FC-6C1B-4CAE-B81D-A8B3C9F726A4}.Release|Any CPU.ActiveCfg = Release|Any CPU
		{2BA802FC-6C1B-4CAE-B81D-A8B3C9F726A4}.Release|Any CPU.Build.0 = Release|Any CPU
	EndGlobalSection
	GlobalSection(SolutionProperties) = preSolution
		HideSolutionNode = FALSE
	EndGlobalSection
	GlobalSection(NestedProjects) = preSolution
		{6A7A0C12-585C-4C95-8C47-DEB720825F10} = {AFC273B3-C36B-4A61-8192-940C053AC5D7}
		{126C7BBD-DE78-48B6-B1B9-93106449CED1} = {AFC273B3-C36B-4A61-8192-940C053AC5D7}
		{E121A6E6-71AB-407B-A6DA-9C56D6ACA14A} = {AFC273B3-C36B-4A61-8192-940C053AC5D7}
		{960945A8-01A7-4FB1-B117-EC2533B46C2E} = {AFC273B3-C36B-4A61-8192-940C053AC5D7}
		{F6675145-E70D-4DB2-B362-0B56E3865D73} = {AFC273B3-C36B-4A61-8192-940C053AC5D7}
		{2BA802FC-6C1B-4CAE-B81D-A8B3C9F726A4} = {6A7A0C12-585C-4C95-8C47-DEB720825F10}
	EndGlobalSection
	GlobalSection(ExtensibilityGlobals) = postSolution
		SolutionGuid = {95C8F1A8-73EB-48DF-8B22-1047C696E6D6}
	EndGlobalSection
EndGlobal
